
Microsoft Visual Studio Solution File, Format Version 12.00
# Visual Studio Version 17
VisualStudioVersion = 17.3.32819.101
MinimumVisualStudioVersion = 10.0.40219.1
Project("{FAE04EC0-301F-11D3-BF4B-00C04F79EFBC}") = "CODStatApp", "CODStatApp.csproj", "{3D01F20B-08F0-4CB4-A808-2155ED79115A}"
EndProject
Global
	GlobalSection(SolutionConfigurationPlatforms) = preSolution
		Debug|Any CPU = Debug|Any CPU
		Release|Any CPU = Release|Any CPU
	EndGlobalSection
	GlobalSection(ProjectConfigurationPlatforms) = postSolution
		{3D01F20B-08F0-4CB4-A808-2155ED79115A}.Debug|Any CPU.ActiveCfg = Debug|Any CPU
		{3D01F20B-08F0-4CB4-A808-2155ED79115A}.Debug|Any CPU.Build.0 = Debug|Any CPU
		{3D01F20B-08F0-4CB4-A808-2155ED79115A}.Release|Any CPU.ActiveCfg = Release|Any CPU
		{3D01F20B-08F0-4CB4-A808-2155ED79115A}.Release|Any CPU.Build.0 = Release|Any CPU
	EndGlobalSection
	GlobalSection(SolutionProperties) = preSolution
		HideSolutionNode = FALSE
	EndGlobalSection
	GlobalSection(ExtensibilityGlobals) = postSolution
		SolutionGuid = {8BC03D9B-8CF5-44D4-8A98-2FBD14B4A514}
	EndGlobalSection
EndGlobal
